
Microsoft Visual Studio Solution File, Format Version 12.00
# Visual Studio Version 16
VisualStudioVersion = 16.0.30907.101
MinimumVisualStudioVersion = 10.0.40219.1
Project("{9A19103F-16F7-4668-BE54-9A1E7A4F7556}") = "GoogleFormsCsvToPdf.WPF", "GoogleFormsCsvToPdf.WPF\GoogleFormsCsvToPdf.WPF.csproj", "{FA8268E2-6A70-49F7-8013-0124718C8C28}"
	ProjectSection(ProjectDependencies) = postProject
		{543C15D1-2ABF-4FFC-9E24-54993B4875A3} = {543C15D1-2ABF-4FFC-9E24-54993B4875A3}
	EndProjectSection
EndProject
Project("{FAE04EC0-301F-11D3-BF4B-00C04F79EFBC}") = "GoogleFormsCsvToPdf", "GoogleFormsCsvToPdf\GoogleFormsCsvToPdf.csproj", "{543C15D1-2ABF-4FFC-9E24-54993B4875A3}"
EndProject
Global
	GlobalSection(SolutionConfigurationPlatforms) = preSolution
		Debug|Any CPU = Debug|Any CPU
		Release|Any CPU = Release|Any CPU
	EndGlobalSection
	GlobalSection(ProjectConfigurationPlatforms) = postSolution
		{FA8268E2-6A70-49F7-8013-0124718C8C28}.Debug|Any CPU.ActiveCfg = Debug|Any CPU
		{FA8268E2-6A70-49F7-8013-0124718C8C28}.Debug|Any CPU.Build.0 = Debug|Any CPU
		{FA8268E2-6A70-49F7-8013-0124718C8C28}.Release|Any CPU.ActiveCfg = Release|Any CPU
		{FA8268E2-6A70-49F7-8013-0124718C8C28}.Release|Any CPU.Build.0 = Release|Any CPU
		{543C15D1-2ABF-4FFC-9E24-54993B4875A3}.Debug|Any CPU.ActiveCfg = Debug|Any CPU
		{543C15D1-2ABF-4FFC-9E24-54993B4875A3}.Debug|Any CPU.Build.0 = Debug|Any CPU
		{543C15D1-2ABF-4FFC-9E24-54993B4875A3}.Release|Any CPU.ActiveCfg = Release|Any CPU
		{543C15D1-2ABF-4FFC-9E24-54993B4875A3}.Release|Any CPU.Build.0 = Release|Any CPU
	EndGlobalSection
	GlobalSection(SolutionProperties) = preSolution
		HideSolutionNode = FALSE
	EndGlobalSection
	GlobalSection(ExtensibilityGlobals) = postSolution
		SolutionGuid = {97BC176B-6175-47F5-AE1F-AA30F2982037}
	EndGlobalSection
EndGlobal
